// !$*UTF8*$!
{
	archiveVersion = 1;
	classes = {
	};
	objectVersion = 56;
	objects = {

/* Begin PBXBuildFile section */
		CD1047E62916A1F000C515F2 /* UIColor+extensions.swift in Sources */ = {isa = PBXBuildFile; fileRef = CD1047E52916A1F000C515F2 /* UIColor+extensions.swift */; };
		CD273F492916781D00AFA49F /* AppDelegate.swift in Sources */ = {isa = PBXBuildFile; fileRef = CD273F482916781D00AFA49F /* AppDelegate.swift */; };
		CD273F4B2916781D00AFA49F /* SceneDelegate.swift in Sources */ = {isa = PBXBuildFile; fileRef = CD273F4A2916781D00AFA49F /* SceneDelegate.swift */; };
		CD273F4D2916781D00AFA49F /* ViewController.swift in Sources */ = {isa = PBXBuildFile; fileRef = CD273F4C2916781D00AFA49F /* ViewController.swift */; };
		CD273F502916781D00AFA49F /* Main.storyboard in Resources */ = {isa = PBXBuildFile; fileRef = CD273F4E2916781D00AFA49F /* Main.storyboard */; };
		CD273F522916781E00AFA49F /* Assets.xcassets in Resources */ = {isa = PBXBuildFile; fileRef = CD273F512916781E00AFA49F /* Assets.xcassets */; };
		CD273F552916781E00AFA49F /* LaunchScreen.storyboard in Resources */ = {isa = PBXBuildFile; fileRef = CD273F532916781E00AFA49F /* LaunchScreen.storyboard */; };
		CD7BCB43291678E800D2159D /* PokemonAPI in Frameworks */ = {isa = PBXBuildFile; productRef = CD7BCB42291678E800D2159D /* PokemonAPI */; };
		CD7BCB452916796400D2159D /* HomeViewController.swift in Sources */ = {isa = PBXBuildFile; fileRef = CD7BCB442916796400D2159D /* HomeViewController.swift */; };
		CD7BCB472916797400D2159D /* HomePresenter.swift in Sources */ = {isa = PBXBuildFile; fileRef = CD7BCB462916797400D2159D /* HomePresenter.swift */; };
		CD7BCB4B29167E3000D2159D /* ApiManager.swift in Sources */ = {isa = PBXBuildFile; fileRef = CD7BCB4A29167E3000D2159D /* ApiManager.swift */; };
		CD7BCB4D29167E6300D2159D /* Pokemon.swift in Sources */ = {isa = PBXBuildFile; fileRef = CD7BCB4C29167E6300D2159D /* Pokemon.swift */; };
		CD7BCB4F2916856700D2159D /* HomePokemonCell.swift in Sources */ = {isa = PBXBuildFile; fileRef = CD7BCB4E2916856700D2159D /* HomePokemonCell.swift */; };
		CD7BCB512916862000D2159D /* HomePokemonCellPresenter.swift in Sources */ = {isa = PBXBuildFile; fileRef = CD7BCB502916862000D2159D /* HomePokemonCellPresenter.swift */; };
/* End PBXBuildFile section */

/* Begin PBXFileReference section */
		CD1047E52916A1F000C515F2 /* UIColor+extensions.swift */ = {isa = PBXFileReference; lastKnownFileType = sourcecode.swift; path = "UIColor+extensions.swift"; sourceTree = "<group>"; };
		CD273F452916781D00AFA49F /* Pokedex.app */ = {isa = PBXFileReference; explicitFileType = wrapper.application; includeInIndex = 0; path = Pokedex.app; sourceTree = BUILT_PRODUCTS_DIR; };
		CD273F482916781D00AFA49F /* AppDelegate.swift */ = {isa = PBXFileReference; lastKnownFileType = sourcecode.swift; path = AppDelegate.swift; sourceTree = "<group>"; };
		CD273F4A2916781D00AFA49F /* SceneDelegate.swift */ = {isa = PBXFileReference; lastKnownFileType = sourcecode.swift; path = SceneDelegate.swift; sourceTree = "<group>"; };
		CD273F4C2916781D00AFA49F /* ViewController.swift */ = {isa = PBXFileReference; lastKnownFileType = sourcecode.swift; path = ViewController.swift; sourceTree = "<group>"; };
		CD273F4F2916781D00AFA49F /* Base */ = {isa = PBXFileReference; lastKnownFileType = file.storyboard; name = Base; path = Base.lproj/Main.storyboard; sourceTree = "<group>"; };
		CD273F512916781E00AFA49F /* Assets.xcassets */ = {isa = PBXFileReference; lastKnownFileType = folder.assetcatalog; path = Assets.xcassets; sourceTree = "<group>"; };
		CD273F542916781E00AFA49F /* Base */ = {isa = PBXFileReference; lastKnownFileType = file.storyboard; name = Base; path = Base.lproj/LaunchScreen.storyboard; sourceTree = "<group>"; };
		CD273F562916781E00AFA49F /* Info.plist */ = {isa = PBXFileReference; lastKnownFileType = text.plist.xml; path = Info.plist; sourceTree = "<group>"; };
		CD7BCB442916796400D2159D /* HomeViewController.swift */ = {isa = PBXFileReference; lastKnownFileType = sourcecode.swift; path = HomeViewController.swift; sourceTree = "<group>"; };
		CD7BCB462916797400D2159D /* HomePresenter.swift */ = {isa = PBXFileReference; lastKnownFileType = sourcecode.swift; path = HomePresenter.swift; sourceTree = "<group>"; };
		CD7BCB4A29167E3000D2159D /* ApiManager.swift */ = {isa = PBXFileReference; lastKnownFileType = sourcecode.swift; path = ApiManager.swift; sourceTree = "<group>"; };
		CD7BCB4C29167E6300D2159D /* Pokemon.swift */ = {isa = PBXFileReference; lastKnownFileType = sourcecode.swift; path = Pokemon.swift; sourceTree = "<group>"; };
		CD7BCB4E2916856700D2159D /* HomePokemonCell.swift */ = {isa = PBXFileReference; lastKnownFileType = sourcecode.swift; path = HomePokemonCell.swift; sourceTree = "<group>"; };
		CD7BCB502916862000D2159D /* HomePokemonCellPresenter.swift */ = {isa = PBXFileReference; lastKnownFileType = sourcecode.swift; path = HomePokemonCellPresenter.swift; sourceTree = "<group>"; };
/* End PBXFileReference section */

/* Begin PBXFrameworksBuildPhase section */
		CD273F422916781D00AFA49F /* Frameworks */ = {
			isa = PBXFrameworksBuildPhase;
			buildActionMask = 2147483647;
			files = (
				CD7BCB43291678E800D2159D /* PokemonAPI in Frameworks */,
			);
			runOnlyForDeploymentPostprocessing = 0;
		};
/* End PBXFrameworksBuildPhase section */

/* Begin PBXGroup section */
		CD273F3C2916781D00AFA49F = {
			isa = PBXGroup;
			children = (
				CD273F472916781D00AFA49F /* Pokedex */,
				CD273F462916781D00AFA49F /* Products */,
			);
			sourceTree = "<group>";
		};
		CD273F462916781D00AFA49F /* Products */ = {
			isa = PBXGroup;
			children = (
				CD273F452916781D00AFA49F /* Pokedex.app */,
			);
			name = Products;
			sourceTree = "<group>";
		};
		CD273F472916781D00AFA49F /* Pokedex */ = {
			isa = PBXGroup;
			children = (
				CD7BCB4829167DE600D2159D /* Models */,
				CD7BCB40291678B400D2159D /* Home */,
				CD7BCB4929167E0F00D2159D /* Utils */,
				CD273F482916781D00AFA49F /* AppDelegate.swift */,
				CD273F4A2916781D00AFA49F /* SceneDelegate.swift */,
				CD273F4C2916781D00AFA49F /* ViewController.swift */,
				CD273F4E2916781D00AFA49F /* Main.storyboard */,
				CD273F512916781E00AFA49F /* Assets.xcassets */,
				CD273F532916781E00AFA49F /* LaunchScreen.storyboard */,
				CD273F562916781E00AFA49F /* Info.plist */,
			);
			path = Pokedex;
			sourceTree = "<group>";
		};
		CD7BCB40291678B400D2159D /* Home */ = {
			isa = PBXGroup;
			children = (
				CD7BCB462916797400D2159D /* HomePresenter.swift */,
				CD7BCB442916796400D2159D /* HomeViewController.swift */,
				CD7BCB502916862000D2159D /* HomePokemonCellPresenter.swift */,
				CD7BCB4E2916856700D2159D /* HomePokemonCell.swift */,
			);
			path = Home;
			sourceTree = "<group>";
		};
		CD7BCB4829167DE600D2159D /* Models */ = {
			isa = PBXGroup;
			children = (
				CD7BCB4C29167E6300D2159D /* Pokemon.swift */,
			);
			path = Models;
			sourceTree = "<group>";
		};
		CD7BCB4929167E0F00D2159D /* Utils */ = {
			isa = PBXGroup;
			children = (
				CD7BCB4A29167E3000D2159D /* ApiManager.swift */,
				CD1047E52916A1F000C515F2 /* UIColor+extensions.swift */,
			);
			path = Utils;
			sourceTree = "<group>";
		};
/* End PBXGroup section */

/* Begin PBXNativeTarget section */
		CD273F442916781D00AFA49F /* Pokedex */ = {
			isa = PBXNativeTarget;
			buildConfigurationList = CD273F592916781E00AFA49F /* Build configuration list for PBXNativeTarget "Pokedex" */;
			buildPhases = (
				CD273F412916781D00AFA49F /* Sources */,
				CD273F422916781D00AFA49F /* Frameworks */,
				CD273F432916781D00AFA49F /* Resources */,
			);
			buildRules = (
			);
			dependencies = (
			);
			name = Pokedex;
			packageProductDependencies = (
				CD7BCB42291678E800D2159D /* PokemonAPI */,
			);
			productName = Pokedex;
			productReference = CD273F452916781D00AFA49F /* Pokedex.app */;
			productType = "com.apple.product-type.application";
		};
/* End PBXNativeTarget section */

/* Begin PBXProject section */
		CD273F3D2916781D00AFA49F /* Project object */ = {
			isa = PBXProject;
			attributes = {
				BuildIndependentTargetsInParallel = 1;
				LastSwiftUpdateCheck = 1400;
				LastUpgradeCheck = 1400;
				TargetAttributes = {
					CD273F442916781D00AFA49F = {
						CreatedOnToolsVersion = 14.0;
					};
				};
			};
			buildConfigurationList = CD273F402916781D00AFA49F /* Build configuration list for PBXProject "Pokedex" */;
			compatibilityVersion = "Xcode 14.0";
			developmentRegion = en;
			hasScannedForEncodings = 0;
			knownRegions = (
				en,
				Base,
			);
			mainGroup = CD273F3C2916781D00AFA49F;
			packageReferences = (
				CD7BCB41291678E800D2159D /* XCRemoteSwiftPackageReference "PokemonAPI" */,
			);
			productRefGroup = CD273F462916781D00AFA49F /* Products */;
			projectDirPath = "";
			projectRoot = "";
			targets = (
				CD273F442916781D00AFA49F /* Pokedex */,
			);
		};
/* End PBXProject section */

/* Begin PBXResourcesBuildPhase section */
		CD273F432916781D00AFA49F /* Resources */ = {
			isa = PBXResourcesBuildPhase;
			buildActionMask = 2147483647;
			files = (
				CD273F552916781E00AFA49F /* LaunchScreen.storyboard in Resources */,
				CD273F522916781E00AFA49F /* Assets.xcassets in Resources */,
				CD273F502916781D00AFA49F /* Main.storyboard in Resources */,
			);
			runOnlyForDeploymentPostprocessing = 0;
		};
/* End PBXResourcesBuildPhase section */

/* Begin PBXSourcesBuildPhase section */
		CD273F412916781D00AFA49F /* Sources */ = {
			isa = PBXSourcesBuildPhase;
			buildActionMask = 2147483647;
			files = (
				CD7BCB4D29167E6300D2159D /* Pokemon.swift in Sources */,
				CD273F4D2916781D00AFA49F /* ViewController.swift in Sources */,
				CD7BCB4F2916856700D2159D /* HomePokemonCell.swift in Sources */,
				CD7BCB512916862000D2159D /* HomePokemonCellPresenter.swift in Sources */,
				CD7BCB4B29167E3000D2159D /* ApiManager.swift in Sources */,
				CD273F492916781D00AFA49F /* AppDelegate.swift in Sources */,
				CD273F4B2916781D00AFA49F /* SceneDelegate.swift in Sources */,
				CD1047E62916A1F000C515F2 /* UIColor+extensions.swift in Sources */,
				CD7BCB472916797400D2159D /* HomePresenter.swift in Sources */,
				CD7BCB452916796400D2159D /* HomeViewController.swift in Sources */,
			);
			runOnlyForDeploymentPostprocessing = 0;
		};
/* End PBXSourcesBuildPhase section */

/* Begin PBXVariantGroup section */
		CD273F4E2916781D00AFA49F /* Main.storyboard */ = {
			isa = PBXVariantGroup;
			children = (
				CD273F4F2916781D00AFA49F /* Base */,
			);
			name = Main.storyboard;
			sourceTree = "<group>";
		};
		CD273F532916781E00AFA49F /* LaunchScreen.storyboard */ = {
			isa = PBXVariantGroup;
			children = (
				CD273F542916781E00AFA49F /* Base */,
			);
			name = LaunchScreen.storyboard;
			sourceTree = "<group>";
		};
/* End PBXVariantGroup section */

/* Begin XCBuildConfiguration section */
		CD273F572916781E00AFA49F /* Debug */ = {
			isa = XCBuildConfiguration;
			buildSettings = {
				ALWAYS_SEARCH_USER_PATHS = NO;
				CLANG_ANALYZER_NONNULL = YES;
				CLANG_ANALYZER_NUMBER_OBJECT_CONVERSION = YES_AGGRESSIVE;
				CLANG_CXX_LANGUAGE_STANDARD = "gnu++20";
				CLANG_ENABLE_MODULES = YES;
				CLANG_ENABLE_OBJC_ARC = YES;
				CLANG_ENABLE_OBJC_WEAK = YES;
				CLANG_WARN_BLOCK_CAPTURE_AUTORELEASING = YES;
				CLANG_WARN_BOOL_CONVERSION = YES;
				CLANG_WARN_COMMA = YES;
				CLANG_WARN_CONSTANT_CONVERSION = YES;
				CLANG_WARN_DEPRECATED_OBJC_IMPLEMENTATIONS = YES;
				CLANG_WARN_DIRECT_OBJC_ISA_USAGE = YES_ERROR;
				CLANG_WARN_DOCUMENTATION_COMMENTS = YES;
				CLANG_WARN_EMPTY_BODY = YES;
				CLANG_WARN_ENUM_CONVERSION = YES;
				CLANG_WARN_INFINITE_RECURSION = YES;
				CLANG_WARN_INT_CONVERSION = YES;
				CLANG_WARN_NON_LITERAL_NULL_CONVERSION = YES;
				CLANG_WARN_OBJC_IMPLICIT_RETAIN_SELF = YES;
				CLANG_WARN_OBJC_LITERAL_CONVERSION = YES;
				CLANG_WARN_OBJC_ROOT_CLASS = YES_ERROR;
				CLANG_WARN_QUOTED_INCLUDE_IN_FRAMEWORK_HEADER = YES;
				CLANG_WARN_RANGE_LOOP_ANALYSIS = YES;
				CLANG_WARN_STRICT_PROTOTYPES = YES;
				CLANG_WARN_SUSPICIOUS_MOVE = YES;
				CLANG_WARN_UNGUARDED_AVAILABILITY = YES_AGGRESSIVE;
				CLANG_WARN_UNREACHABLE_CODE = YES;
				CLANG_WARN__DUPLICATE_METHOD_MATCH = YES;
				COPY_PHASE_STRIP = NO;
				DEBUG_INFORMATION_FORMAT = dwarf;
				ENABLE_STRICT_OBJC_MSGSEND = YES;
				ENABLE_TESTABILITY = YES;
				GCC_C_LANGUAGE_STANDARD = gnu11;
				GCC_DYNAMIC_NO_PIC = NO;
				GCC_NO_COMMON_BLOCKS = YES;
				GCC_OPTIMIZATION_LEVEL = 0;
				GCC_PREPROCESSOR_DEFINITIONS = (
					"DEBUG=1",
					"$(inherited)",
				);
				GCC_WARN_64_TO_32_BIT_CONVERSION = YES;
				GCC_WARN_ABOUT_RETURN_TYPE = YES_ERROR;
				GCC_WARN_UNDECLARED_SELECTOR = YES;
				GCC_WARN_UNINITIALIZED_AUTOS = YES_AGGRESSIVE;
				GCC_WARN_UNUSED_FUNCTION = YES;
				GCC_WARN_UNUSED_VARIABLE = YES;
				IPHONEOS_DEPLOYMENT_TARGET = 16.0;
				MTL_ENABLE_DEBUG_INFO = INCLUDE_SOURCE;
				MTL_FAST_MATH = YES;
				ONLY_ACTIVE_ARCH = YES;
				SDKROOT = iphoneos;
				SWIFT_ACTIVE_COMPILATION_CONDITIONS = DEBUG;
				SWIFT_OPTIMIZATION_LEVEL = "-Onone";
			};
			name = Debug;
		};
		CD273F582916781E00AFA49F /* Release */ = {
			isa = XCBuildConfiguration;
			buildSettings = {
				ALWAYS_SEARCH_USER_PATHS = NO;
				CLANG_ANALYZER_NONNULL = YES;
				CLANG_ANALYZER_NUMBER_OBJECT_CONVERSION = YES_AGGRESSIVE;
				CLANG_CXX_LANGUAGE_STANDARD = "gnu++20";
				CLANG_ENABLE_MODULES = YES;
				CLANG_ENABLE_OBJC_ARC = YES;
				CLANG_ENABLE_OBJC_WEAK = YES;
				CLANG_WARN_BLOCK_CAPTURE_AUTORELEASING = YES;
				CLANG_WARN_BOOL_CONVERSION = YES;
				CLANG_WARN_COMMA = YES;
				CLANG_WARN_CONSTANT_CONVERSION = YES;
				CLANG_WARN_DEPRECATED_OBJC_IMPLEMENTATIONS = YES;
				CLANG_WARN_DIRECT_OBJC_ISA_USAGE = YES_ERROR;
				CLANG_WARN_DOCUMENTATION_COMMENTS = YES;
				CLANG_WARN_EMPTY_BODY = YES;
				CLANG_WARN_ENUM_CONVERSION = YES;
				CLANG_WARN_INFINITE_RECURSION = YES;
				CLANG_WARN_INT_CONVERSION = YES;
				CLANG_WARN_NON_LITERAL_NULL_CONVERSION = YES;
				CLANG_WARN_OBJC_IMPLICIT_RETAIN_SELF = YES;
				CLANG_WARN_OBJC_LITERAL_CONVERSION = YES;
				CLANG_WARN_OBJC_ROOT_CLASS = YES_ERROR;
				CLANG_WARN_QUOTED_INCLUDE_IN_FRAMEWORK_HEADER = YES;
				CLANG_WARN_RANGE_LOOP_ANALYSIS = YES;
				CLANG_WARN_STRICT_PROTOTYPES = YES;
				CLANG_WARN_SUSPICIOUS_MOVE = YES;
				CLANG_WARN_UNGUARDED_AVAILABILITY = YES_AGGRESSIVE;
				CLANG_WARN_UNREACHABLE_CODE = YES;
				CLANG_WARN__DUPLICATE_METHOD_MATCH = YES;
				COPY_PHASE_STRIP = NO;
				DEBUG_INFORMATION_FORMAT = "dwarf-with-dsym";
				ENABLE_NS_ASSERTIONS = NO;
				ENABLE_STRICT_OBJC_MSGSEND = YES;
				GCC_C_LANGUAGE_STANDARD = gnu11;
				GCC_NO_COMMON_BLOCKS = YES;
				GCC_WARN_64_TO_32_BIT_CONVERSION = YES;
				GCC_WARN_ABOUT_RETURN_TYPE = YES_ERROR;
				GCC_WARN_UNDECLARED_SELECTOR = YES;
				GCC_WARN_UNINITIALIZED_AUTOS = YES_AGGRESSIVE;
				GCC_WARN_UNUSED_FUNCTION = YES;
				GCC_WARN_UNUSED_VARIABLE = YES;
				IPHONEOS_DEPLOYMENT_TARGET = 16.0;
				MTL_ENABLE_DEBUG_INFO = NO;
				MTL_FAST_MATH = YES;
				SDKROOT = iphoneos;
				SWIFT_COMPILATION_MODE = wholemodule;
				SWIFT_OPTIMIZATION_LEVEL = "-O";
				VALIDATE_PRODUCT = YES;
			};
			name = Release;
		};
		CD273F5A2916781E00AFA49F /* Debug */ = {
			isa = XCBuildConfiguration;
			buildSettings = {
				ASSETCATALOG_COMPILER_APPICON_NAME = AppIcon;
				ASSETCATALOG_COMPILER_GLOBAL_ACCENT_COLOR_NAME = AccentColor;
				CODE_SIGN_STYLE = Automatic;
				CURRENT_PROJECT_VERSION = 1;
				DEVELOPMENT_TEAM = 6J86C6MHA9;
				GENERATE_INFOPLIST_FILE = YES;
				INFOPLIST_FILE = Pokedex/Info.plist;
				INFOPLIST_KEY_UIApplicationSupportsIndirectInputEvents = YES;
				INFOPLIST_KEY_UILaunchStoryboardName = LaunchScreen;
				INFOPLIST_KEY_UIMainStoryboardFile = Main;
				INFOPLIST_KEY_UISupportedInterfaceOrientations_iPad = "UIInterfaceOrientationPortrait UIInterfaceOrientationPortraitUpsideDown UIInterfaceOrientationLandscapeLeft UIInterfaceOrientationLandscapeRight";
				INFOPLIST_KEY_UISupportedInterfaceOrientations_iPhone = "UIInterfaceOrientationPortrait UIInterfaceOrientationLandscapeLeft UIInterfaceOrientationLandscapeRight";
				LD_RUNPATH_SEARCH_PATHS = (
					"$(inherited)",
					"@executable_path/Frameworks",
				);
				MARKETING_VERSION = 1.0;
				PRODUCT_BUNDLE_IDENTIFIER = fasl.ios.Pokedex;
				PRODUCT_NAME = "$(TARGET_NAME)";
				SWIFT_EMIT_LOC_STRINGS = YES;
				SWIFT_VERSION = 5.0;
				TARGETED_DEVICE_FAMILY = "1,2";
			};
			name = Debug;
		};
		CD273F5B2916781E00AFA49F /* Release */ = {
			isa = XCBuildConfiguration;
			buildSettings = {
				ASSETCATALOG_COMPILER_APPICON_NAME = AppIcon;
				ASSETCATALOG_COMPILER_GLOBAL_ACCENT_COLOR_NAME = AccentColor;
				CODE_SIGN_STYLE = Automatic;
				CURRENT_PROJECT_VERSION = 1;
				DEVELOPMENT_TEAM = 6J86C6MHA9;
				GENERATE_INFOPLIST_FILE = YES;
				INFOPLIST_FILE = Pokedex/Info.plist;
				INFOPLIST_KEY_UIApplicationSupportsIndirectInputEvents = YES;
				INFOPLIST_KEY_UILaunchStoryboardName = LaunchScreen;
				INFOPLIST_KEY_UIMainStoryboardFile = Main;
				INFOPLIST_KEY_UISupportedInterfaceOrientations_iPad = "UIInterfaceOrientationPortrait UIInterfaceOrientationPortraitUpsideDown UIInterfaceOrientationLandscapeLeft UIInterfaceOrientationLandscapeRight";
				INFOPLIST_KEY_UISupportedInterfaceOrientations_iPhone = "UIInterfaceOrientationPortrait UIInterfaceOrientationLandscapeLeft UIInterfaceOrientationLandscapeRight";
				LD_RUNPATH_SEARCH_PATHS = (
					"$(inherited)",
					"@executable_path/Frameworks",
				);
				MARKETING_VERSION = 1.0;
				PRODUCT_BUNDLE_IDENTIFIER = fasl.ios.Pokedex;
				PRODUCT_NAME = "$(TARGET_NAME)";
				SWIFT_EMIT_LOC_STRINGS = YES;
				SWIFT_VERSION = 5.0;
				TARGETED_DEVICE_FAMILY = "1,2";
			};
			name = Release;
		};
/* End XCBuildConfiguration section */

/* Begin XCConfigurationList section */
		CD273F402916781D00AFA49F /* Build configuration list for PBXProject "Pokedex" */ = {
			isa = XCConfigurationList;
			buildConfigurations = (
				CD273F572916781E00AFA49F /* Debug */,
				CD273F582916781E00AFA49F /* Release */,
			);
			defaultConfigurationIsVisible = 0;
			defaultConfigurationName = Release;
		};
		CD273F592916781E00AFA49F /* Build configuration list for PBXNativeTarget "Pokedex" */ = {
			isa = XCConfigurationList;
			buildConfigurations = (
				CD273F5A2916781E00AFA49F /* Debug */,
				CD273F5B2916781E00AFA49F /* Release */,
			);
			defaultConfigurationIsVisible = 0;
			defaultConfigurationName = Release;
		};
/* End XCConfigurationList section */

/* Begin XCRemoteSwiftPackageReference section */
		CD7BCB41291678E800D2159D /* XCRemoteSwiftPackageReference "PokemonAPI" */ = {
			isa = XCRemoteSwiftPackageReference;
			repositoryURL = "https://github.com/kinkofer/PokemonAPI";
			requirement = {
				kind = upToNextMajorVersion;
				minimumVersion = 6.0.0;
			};
		};
/* End XCRemoteSwiftPackageReference section */

/* Begin XCSwiftPackageProductDependency section */
		CD7BCB42291678E800D2159D /* PokemonAPI */ = {
			isa = XCSwiftPackageProductDependency;
			package = CD7BCB41291678E800D2159D /* XCRemoteSwiftPackageReference "PokemonAPI" */;
			productName = PokemonAPI;
		};
/* End XCSwiftPackageProductDependency section */
	};
	rootObject = CD273F3D2916781D00AFA49F /* Project object */;
}
